github.com/cnf/structhash v0.0.0-20180104161610-62a607eb0224 h1:rnCKRrdSBqc061l0CDuYB+7X3w6w8IK/VCSChJXv62g=
github.com/cnf/structhash v0.0.0-20180104161610-62a607eb0224/go.mod h1:pCxVEbcm3AMg7ejXyorUXi6HQCzOIBf7zEDVPtw0/U4=
github.com/go-asn1-ber/asn1-ber v1.3.1 h1:gvPdv/Hr++TRFCl0UbPFHC54P9N9jgsRPnmnr419Uck=
github.com/go-asn1-ber/asn1-ber v1.3.1/go.mod h1:hEBeB/ic+5LoWskz+yKT7vGhhPYkProFKoKdwZRWMe0=
github.com/tsaarni/x500dn v0.0.0-20200116210152-667db92cf7b9 h1:9+4Cy0QUuBqeqEx1TfTVUQiBSqOQtGkj0APidZL+H1c=
github.com/tsaarni/x500dn v0.0.0-20200116210152-667db92cf7b9/go.mod h1:RquKZ5rERbzqRQDFuh2zsgR1W1FH006YRw2pHIuMzvw=
gopkg.in/check.v1 v0.0.0-20161208181325-20d25e280405 h1:yhCVgyC4o1eVCa2tZl7eS0r+SDo693bJlVdllGtEeKM=
gopkg.in/check.v1 v0.0.0-20161208181325-20d25e280405/go.mod h1:Co6ibVJAznAaIkqp8huTwlJQCZ016jof/cbN4VW5Yz0=
gopkg.in/yaml.v3 v3.0.0-20191120175047-4206685974f2 h1:XZx7nhd5GMaZpmDaEHFVafUZC7ya0fuo7cSJ3UCKYmM=
gopkg.in/yaml.v3 v3.0.0-20191120175047-4206685974f2/go.mod h1:K4uyk7z7BCEPqu6E+C64Yfv1cQ7kz7rIZviUmN+EgEM=
